
Microsoft Visual Studio Solution File, Format Version 12.00
# Visual Studio 15
VisualStudioVersion = 15.0.28307.572
MinimumVisualStudioVersion = 10.0.40219.1
Project("{9A19103F-16F7-4668-BE54-9A1E7A4F7556}") = "01Task", "01Task\01Task.csproj", "{D4E8E39B-F6A9-47A7-BB28-71AAFEEEC1C6}"
EndProject
Project("{9A19103F-16F7-4668-BE54-9A1E7A4F7556}") = "02Task", "02Task\02Task.csproj", "{A8B66B23-7CF4-4D67-B500-0CFD8A015FCC}"
EndProject
Project("{9A19103F-16F7-4668-BE54-9A1E7A4F7556}") = "03Task", "03Task\03Task.csproj", "{854C4DE3-9A0D-43D4-827A-753023BC7779}"
EndProject
Project("{9A19103F-16F7-4668-BE54-9A1E7A4F7556}") = "04Task", "04Task\04Task.csproj", "{A8DA7C45-FEDB-44FB-AFCD-8D430A842F65}"
EndProject
Project("{9A19103F-16F7-4668-BE54-9A1E7A4F7556}") = "05Task", "05Task\05Task.csproj", "{A19126D6-75C2-43F7-A246-652FA7E27D89}"
EndProject
Project("{9A19103F-16F7-4668-BE54-9A1E7A4F7556}") = "06Task", "06Task\06Task.csproj", "{FBCEF226-794B-455D-8869-58950A3A6814}"
EndProject
Project("{9A19103F-16F7-4668-BE54-9A1E7A4F7556}") = "07Task", "07Task\07Task.csproj", "{5FD21ECE-E144-4C68-B3F1-D0463F649226}"
EndProject
Project("{9A19103F-16F7-4668-BE54-9A1E7A4F7556}") = "08Task", "08Task\08Task.csproj", "{5637F0D2-5F00-4D47-B602-7B0D611379D9}"
EndProject
Project("{9A19103F-16F7-4668-BE54-9A1E7A4F7556}") = "09Task", "09Task\09Task.csproj", "{72B04FA7-636A-48C5-8367-F5E5C63C7216}"
EndProject
Project("{9A19103F-16F7-4668-BE54-9A1E7A4F7556}") = "10Task", "10Task\10Task.csproj", "{589D0001-D8CE-4C3F-9314-D7F514C12417}"
EndProject
Project("{9A19103F-16F7-4668-BE54-9A1E7A4F7556}") = "11Task", "11Task\11Task.csproj", "{85073EDC-AB4E-4186-8805-87ADFAEF862F}"
EndProject
Project("{9A19103F-16F7-4668-BE54-9A1E7A4F7556}") = "12Task", "12Task\12Task.csproj", "{8EC78052-CBA7-40EA-93BD-474F454828F1}"
EndProject
Project("{9A19103F-16F7-4668-BE54-9A1E7A4F7556}") = "13Task", "13Task\13Task.csproj", "{8674C4DB-4D6D-410E-B03D-5C315E5702E3}"
EndProject
Project("{9A19103F-16F7-4668-BE54-9A1E7A4F7556}") = "14Task", "14Task\14Task.csproj", "{DF672A54-A856-41CE-A8F0-FEF8599B4E39}"
EndProject
Project("{9A19103F-16F7-4668-BE54-9A1E7A4F7556}") = "15Task", "15Task\15Task.csproj", "{AE1A6F01-5629-483A-9F51-447D4A5BCFF5}"
EndProject
Project("{FAE04EC0-301F-11D3-BF4B-00C04F79EFBC}") = "16Task", "16Task\16Task.csproj", "{90B2785B-B38C-45BD-AA27-A8A3BA508677}"
EndProject
Global
	GlobalSection(SolutionConfigurationPlatforms) = preSolution
		Debug|Any CPU = Debug|Any CPU
		Release|Any CPU = Release|Any CPU
	EndGlobalSection
	GlobalSection(ProjectConfigurationPlatforms) = postSolution
		{D4E8E39B-F6A9-47A7-BB28-71AAFEEEC1C6}.Debug|Any CPU.ActiveCfg = Debug|Any CPU
		{D4E8E39B-F6A9-47A7-BB28-71AAFEEEC1C6}.Debug|Any CPU.Build.0 = Debug|Any CPU
		{D4E8E39B-F6A9-47A7-BB28-71AAFEEEC1C6}.Release|Any CPU.ActiveCfg = Release|Any CPU
		{D4E8E39B-F6A9-47A7-BB28-71AAFEEEC1C6}.Release|Any CPU.Build.0 = Release|Any CPU
		{A8B66B23-7CF4-4D67-B500-0CFD8A015FCC}.Debug|Any CPU.ActiveCfg = Debug|Any CPU
		{A8B66B23-7CF4-4D67-B500-0CFD8A015FCC}.Debug|Any CPU.Build.0 = Debug|Any CPU
		{A8B66B23-7CF4-4D67-B500-0CFD8A015FCC}.Release|Any CPU.ActiveCfg = Release|Any CPU
		{A8B66B23-7CF4-4D67-B500-0CFD8A015FCC}.Release|Any CPU.Build.0 = Release|Any CPU
		{854C4DE3-9A0D-43D4-827A-753023BC7779}.Debug|Any CPU.ActiveCfg = Debug|Any CPU
		{854C4DE3-9A0D-43D4-827A-753023BC7779}.Debug|Any CPU.Build.0 = Debug|Any CPU
		{854C4DE3-9A0D-43D4-827A-753023BC7779}.Release|Any CPU.ActiveCfg = Release|Any CPU
		{854C4DE3-9A0D-43D4-827A-753023BC7779}.Release|Any CPU.Build.0 = Release|Any CPU
		{A8DA7C45-FEDB-44FB-AFCD-8D430A842F65}.Debug|Any CPU.ActiveCfg = Debug|Any CPU
		{A8DA7C45-FEDB-44FB-AFCD-8D430A842F65}.Debug|Any CPU.Build.0 = Debug|Any CPU
		{A8DA7C45-FEDB-44FB-AFCD-8D430A842F65}.Release|Any CPU.ActiveCfg = Release|Any CPU
		{A8DA7C45-FEDB-44FB-AFCD-8D430A842F65}.Release|Any CPU.Build.0 = Release|Any CPU
		{A19126D6-75C2-43F7-A246-652FA7E27D89}.Debug|Any CPU.ActiveCfg = Debug|Any CPU
		{A19126D6-75C2-43F7-A246-652FA7E27D89}.Debug|Any CPU.Build.0 = Debug|Any CPU
		{A19126D6-75C2-43F7-A246-652FA7E27D89}.Release|Any CPU.ActiveCfg = Release|Any CPU
		{A19126D6-75C2-43F7-A246-652FA7E27D89}.Release|Any CPU.Build.0 = Release|Any CPU
		{FBCEF226-794B-455D-8869-58950A3A6814}.Debug|Any CPU.ActiveCfg = Debug|Any CPU
		{FBCEF226-794B-455D-8869-58950A3A6814}.Debug|Any CPU.Build.0 = Debug|Any CPU
		{FBCEF226-794B-455D-8869-58950A3A6814}.Release|Any CPU.ActiveCfg = Release|Any CPU
		{FBCEF226-794B-455D-8869-58950A3A6814}.Release|Any CPU.Build.0 = Release|Any CPU
		{5FD21ECE-E144-4C68-B3F1-D0463F649226}.Debug|Any CPU.ActiveCfg = Debug|Any CPU
		{5FD21ECE-E144-4C68-B3F1-D0463F649226}.Debug|Any CPU.Build.0 = Debug|Any CPU
		{5FD21ECE-E144-4C68-B3F1-D0463F649226}.Release|Any CPU.ActiveCfg = Release|Any CPU
		{5FD21ECE-E144-4C68-B3F1-D0463F649226}.Release|Any CPU.Build.0 = Release|Any CPU
		{5637F0D2-5F00-4D47-B602-7B0D611379D9}.Debug|Any CPU.ActiveCfg = Debug|Any CPU
		{5637F0D2-5F00-4D47-B602-7B0D611379D9}.Debug|Any CPU.Build.0 = Debug|Any CPU
		{5637F0D2-5F00-4D47-B602-7B0D611379D9}.Release|Any CPU.ActiveCfg = Release|Any CPU
		{5637F0D2-5F00-4D47-B602-7B0D611379D9}.Release|Any CPU.Build.0 = Release|Any CPU
		{72B04FA7-636A-48C5-8367-F5E5C63C7216}.Debug|Any CPU.ActiveCfg = Debug|Any CPU
		{72B04FA7-636A-48C5-8367-F5E5C63C7216}.Debug|Any CPU.Build.0 = Debug|Any CPU
		{72B04FA7-636A-48C5-8367-F5E5C63C7216}.Release|Any CPU.ActiveCfg = Release|Any CPU
		{72B04FA7-636A-48C5-8367-F5E5C63C7216}.Release|Any CPU.Build.0 = Release|Any CPU
		{589D0001-D8CE-4C3F-9314-D7F514C12417}.Debug|Any CPU.ActiveCfg = Debug|Any CPU
		{589D0001-D8CE-4C3F-9314-D7F514C12417}.Debug|Any CPU.Build.0 = Debug|Any CPU
		{589D0001-D8CE-4C3F-9314-D7F514C12417}.Release|Any CPU.ActiveCfg = Release|Any CPU
		{589D0001-D8CE-4C3F-9314-D7F514C12417}.Release|Any CPU.Build.0 = Release|Any CPU
		{85073EDC-AB4E-4186-8805-87ADFAEF862F}.Debug|Any CPU.ActiveCfg = Debug|Any CPU
		{85073EDC-AB4E-4186-8805-87ADFAEF862F}.Debug|Any CPU.Build.0 = Debug|Any CPU
		{85073EDC-AB4E-4186-8805-87ADFAEF862F}.Release|Any CPU.ActiveCfg = Release|Any CPU
		{85073EDC-AB4E-4186-8805-87ADFAEF862F}.Release|Any CPU.Build.0 = Release|Any CPU
		{8EC78052-CBA7-40EA-93BD-474F454828F1}.Debug|Any CPU.ActiveCfg = Debug|Any CPU
		{8EC78052-CBA7-40EA-93BD-474F454828F1}.Debug|Any CPU.Build.0 = Debug|Any CPU
		{8EC78052-CBA7-40EA-93BD-474F454828F1}.Release|Any CPU.ActiveCfg = Release|Any CPU
		{8EC78052-CBA7-40EA-93BD-474F454828F1}.Release|Any CPU.Build.0 = Release|Any CPU
		{8674C4DB-4D6D-410E-B03D-5C315E5702E3}.Debug|Any CPU.ActiveCfg = Debug|Any CPU
		{8674C4DB-4D6D-410E-B03D-5C315E5702E3}.Debug|Any CPU.Build.0 = Debug|Any CPU
		{8674C4DB-4D6D-410E-B03D-5C315E5702E3}.Release|Any CPU.ActiveCfg = Release|Any CPU
		{8674C4DB-4D6D-410E-B03D-5C315E5702E3}.Release|Any CPU.Build.0 = Release|Any CPU
		{DF672A54-A856-41CE-A8F0-FEF8599B4E39}.Debug|Any CPU.ActiveCfg = Debug|Any CPU
		{DF672A54-A856-41CE-A8F0-FEF8599B4E39}.Debug|Any CPU.Build.0 = Debug|Any CPU
		{DF672A54-A856-41CE-A8F0-FEF8599B4E39}.Release|Any CPU.ActiveCfg = Release|Any CPU
		{DF672A54-A856-41CE-A8F0-FEF8599B4E39}.Release|Any CPU.Build.0 = Release|Any CPU
		{AE1A6F01-5629-483A-9F51-447D4A5BCFF5}.Debug|Any CPU.ActiveCfg = Debug|Any CPU
		{AE1A6F01-5629-483A-9F51-447D4A5BCFF5}.Debug|Any CPU.Build.0 = Debug|Any CPU
		{AE1A6F01-5629-483A-9F51-447D4A5BCFF5}.Release|Any CPU.ActiveCfg = Release|Any CPU
		{AE1A6F01-5629-483A-9F51-447D4A5BCFF5}.Release|Any CPU.Build.0 = Release|Any CPU
		{90B2785B-B38C-45BD-AA27-A8A3BA508677}.Debug|Any CPU.ActiveCfg = Debug|Any CPU
		{90B2785B-B38C-45BD-AA27-A8A3BA508677}.Debug|Any CPU.Build.0 = Debug|Any CPU
		{90B2785B-B38C-45BD-AA27-A8A3BA508677}.Release|Any CPU.ActiveCfg = Release|Any CPU
		{90B2785B-B38C-45BD-AA27-A8A3BA508677}.Release|Any CPU.Build.0 = Release|Any CPU
	EndGlobalSection
	GlobalSection(SolutionProperties) = preSolution
		HideSolutionNode = FALSE
	EndGlobalSection
	GlobalSection(ExtensibilityGlobals) = postSolution
		SolutionGuid = {CCEE7E3D-BC26-4A26-8D3A-B6A715A5F212}
	EndGlobalSection
EndGlobal
